
Microsoft Visual Studio Solution File, Format Version 12.00
# Visual Studio 15
VisualStudioVersion = 15.0.27703.2047
MinimumVisualStudioVersion = 10.0.40219.1
Project("{FAE04EC0-301F-11D3-BF4B-00C04F79EFBC}") = "Lambda1", "Lambda1\Lambda1.csproj", "{3277276E-9CD1-422B-B0E3-A5332C50B00D}"
EndProject
Global
	GlobalSection(SolutionConfigurationPlatforms) = preSolution
		Debug|Any CPU = Debug|Any CPU
		Release|Any CPU = Release|Any CPU
	EndGlobalSection
	GlobalSection(ProjectConfigurationPlatforms) = postSolution
		{3277276E-9CD1-422B-B0E3-A5332C50B00D}.Debug|Any CPU.ActiveCfg = Debug|Any CPU
		{3277276E-9CD1-422B-B0E3-A5332C50B00D}.Debug|Any CPU.Build.0 = Debug|Any CPU
		{3277276E-9CD1-422B-B0E3-A5332C50B00D}.Release|Any CPU.ActiveCfg = Release|Any CPU
		{3277276E-9CD1-422B-B0E3-A5332C50B00D}.Release|Any CPU.Build.0 = Release|Any CPU
	EndGlobalSection
	GlobalSection(SolutionProperties) = preSolution
		HideSolutionNode = FALSE
	EndGlobalSection
	GlobalSection(ExtensibilityGlobals) = postSolution
		SolutionGuid = {8DB29196-AC02-482C-9FF7-795E235EBB9A}
	EndGlobalSection
EndGlobal
